// !$*UTF8*$!
{
	archiveVersion = 1;
	classes = {
	};
	objectVersion = 46;
	objects = {

/* Begin PBXBuildFile section */
		9D362B321DCBCE5200B12706 /* AppDelegate.swift in Sources */ = {isa = PBXBuildFile; fileRef = 9D362B311DCBCE5200B12706 /* AppDelegate.swift */; };
		9D362B341DCBCE5200B12706 /* FirstViewController.swift in Sources */ = {isa = PBXBuildFile; fileRef = 9D362B331DCBCE5200B12706 /* FirstViewController.swift */; };
		9D362B361DCBCE5200B12706 /* SecondViewController.swift in Sources */ = {isa = PBXBuildFile; fileRef = 9D362B351DCBCE5200B12706 /* SecondViewController.swift */; };
		9D362B391DCBCE5200B12706 /* Main.storyboard in Resources */ = {isa = PBXBuildFile; fileRef = 9D362B371DCBCE5200B12706 /* Main.storyboard */; };
		9D362B3B1DCBCE5200B12706 /* Assets.xcassets in Resources */ = {isa = PBXBuildFile; fileRef = 9D362B3A1DCBCE5200B12706 /* Assets.xcassets */; };
		9D362B3E1DCBCE5200B12706 /* LaunchScreen.storyboard in Resources */ = {isa = PBXBuildFile; fileRef = 9D362B3C1DCBCE5200B12706 /* LaunchScreen.storyboard */; };
		9D362B461DCC044D00B12706 /* ThirdViewController.swift in Sources */ = {isa = PBXBuildFile; fileRef = 9D362B451DCC044D00B12706 /* ThirdViewController.swift */; };
/* End PBXBuildFile section */

/* Begin PBXFileReference section */
		9D362B2E1DCBCE5200B12706 /* iKid.app */ = {isa = PBXFileReference; explicitFileType = wrapper.application; includeInIndex = 0; path = iKid.app; sourceTree = BUILT_PRODUCTS_DIR; };
		9D362B311DCBCE5200B12706 /* AppDelegate.swift */ = {isa = PBXFileReference; lastKnownFileType = sourcecode.swift; path = AppDelegate.swift; sourceTree = "<group>"; };
		9D362B331DCBCE5200B12706 /* FirstViewController.swift */ = {isa = PBXFileReference; lastKnownFileType = sourcecode.swift; path = FirstViewController.swift; sourceTree = "<group>"; };
		9D362B351DCBCE5200B12706 /* SecondViewController.swift */ = {isa = PBXFileReference; lastKnownFileType = sourcecode.swift; path = SecondViewController.swift; sourceTree = "<group>"; };
		9D362B381DCBCE5200B12706 /* Base */ = {isa = PBXFileReference; lastKnownFileType = file.storyboard; name = Base; path = Base.lproj/Main.storyboard; sourceTree = "<group>"; };
		9D362B3A1DCBCE5200B12706 /* Assets.xcassets */ = {isa = PBXFileReference; lastKnownFileType = folder.assetcatalog; path = Assets.xcassets; sourceTree = "<group>"; };
		9D362B3D1DCBCE5200B12706 /* Base */ = {isa = PBXFileReference; lastKnownFileType = file.storyboard; name = Base; path = Base.lproj/LaunchScreen.storyboard; sourceTree = "<group>"; };
		9D362B3F1DCBCE5200B12706 /* Info.plist */ = {isa = PBXFileReference; lastKnownFileType = text.plist.xml; path = Info.plist; sourceTree = "<group>"; };
		9D362B451DCC044D00B12706 /* ThirdViewController.swift */ = {isa = PBXFileReference; fileEncoding = 4; lastKnownFileType = sourcecode.swift; path = ThirdViewController.swift; sourceTree = "<group>"; };
/* End PBXFileReference section */

/* Begin PBXFrameworksBuildPhase section */
		9D362B2B1DCBCE5100B12706 /* Frameworks */ = {
			isa = PBXFrameworksBuildPhase;
			buildActionMask = 2147483647;
			files = (
			);
			runOnlyForDeploymentPostprocessing = 0;
		};
/* End PBXFrameworksBuildPhase section */

/* Begin PBXGroup section */
		9D362B251DCBCE5100B12706 = {
			isa = PBXGroup;
			children = (
				9D362B301DCBCE5200B12706 /* iKid */,
				9D362B2F1DCBCE5200B12706 /* Products */,
			);
			sourceTree = "<group>";
		};
		9D362B2F1DCBCE5200B12706 /* Products */ = {
			isa = PBXGroup;
			children = (
				9D362B2E1DCBCE5200B12706 /* iKid.app */,
			);
			name = Products;
			sourceTree = "<group>";
		};
		9D362B301DCBCE5200B12706 /* iKid */ = {
			isa = PBXGroup;
			children = (
				9D362B311DCBCE5200B12706 /* AppDelegate.swift */,
				9D362B331DCBCE5200B12706 /* FirstViewController.swift */,
				9D362B351DCBCE5200B12706 /* SecondViewController.swift */,
				9D362B451DCC044D00B12706 /* ThirdViewController.swift */,
				9D362B371DCBCE5200B12706 /* Main.storyboard */,
				9D362B3A1DCBCE5200B12706 /* Assets.xcassets */,
				9D362B3C1DCBCE5200B12706 /* LaunchScreen.storyboard */,
				9D362B3F1DCBCE5200B12706 /* Info.plist */,
			);
			path = iKid;
			sourceTree = "<group>";
		};
/* End PBXGroup section */

/* Begin PBXNativeTarget section */
		9D362B2D1DCBCE5100B12706 /* iKid */ = {
			isa = PBXNativeTarget;
			buildConfigurationList = 9D362B421DCBCE5200B12706 /* Build configuration list for PBXNativeTarget "iKid" */;
			buildPhases = (
				9D362B2A1DCBCE5100B12706 /* Sources */,
				9D362B2B1DCBCE5100B12706 /* Frameworks */,
				9D362B2C1DCBCE5100B12706 /* Resources */,
			);
			buildRules = (
			);
			dependencies = (
			);
			name = iKid;
			productName = iKid;
			productReference = 9D362B2E1DCBCE5200B12706 /* iKid.app */;
			productType = "com.apple.product-type.application";
		};
/* End PBXNativeTarget section */

/* Begin PBXProject section */
		9D362B261DCBCE5100B12706 /* Project object */ = {
			isa = PBXProject;
			attributes = {
				LastSwiftUpdateCheck = 0800;
				LastUpgradeCheck = 0800;
				ORGANIZATIONNAME = iGuest;
				TargetAttributes = {
					9D362B2D1DCBCE5100B12706 = {
						CreatedOnToolsVersion = 8.0;
						ProvisioningStyle = Automatic;
					};
				};
			};
			buildConfigurationList = 9D362B291DCBCE5100B12706 /* Build configuration list for PBXProject "iKid" */;
			compatibilityVersion = "Xcode 3.2";
			developmentRegion = English;
			hasScannedForEncodings = 0;
			knownRegions = (
				en,
				Base,
			);
			mainGroup = 9D362B251DCBCE5100B12706;
			productRefGroup = 9D362B2F1DCBCE5200B12706 /* Products */;
			projectDirPath = "";
			projectRoot = "";
			targets = (
				9D362B2D1DCBCE5100B12706 /* iKid */,
			);
		};
/* End PBXProject section */

/* Begin PBXResourcesBuildPhase section */
		9D362B2C1DCBCE5100B12706 /* Resources */ = {
			isa = PBXResourcesBuildPhase;
			buildActionMask = 2147483647;
			files = (
				9D362B3E1DCBCE5200B12706 /* LaunchScreen.storyboard in Resources */,
				9D362B3B1DCBCE5200B12706 /* Assets.xcassets in Resources */,
				9D362B391DCBCE5200B12706 /* Main.storyboard in Resources */,
			);
			runOnlyForDeploymentPostprocessing = 0;
		};
/* End PBXResourcesBuildPhase section */

/* Begin PBXSourcesBuildPhase section */
		9D362B2A1DCBCE5100B12706 /* Sources */ = {
			isa = PBXSourcesBuildPhase;
			buildActionMask = 2147483647;
			files = (
				9D362B361DCBCE5200B12706 /* SecondViewController.swift in Sources */,
				9D362B321DCBCE5200B12706 /* AppDelegate.swift in Sources */,
				9D362B461DCC044D00B12706 /* ThirdViewController.swift in Sources */,
				9D362B341DCBCE5200B12706 /* FirstViewController.swift in Sources */,
			);
			runOnlyForDeploymentPostprocessing = 0;
		};
/* End PBXSourcesBuildPhase section */

/* Begin PBXVariantGroup section */
		9D362B371DCBCE5200B12706 /* Main.storyboard */ = {
			isa = PBXVariantGroup;
			children = (
				9D362B381DCBCE5200B12706 /* Base */,
			);
			name = Main.storyboard;
			sourceTree = "<group>";
		};
		9D362B3C1DCBCE5200B12706 /* LaunchScreen.storyboard */ = {
			isa = PBXVariantGroup;
			children = (
				9D362B3D1DCBCE5200B12706 /* Base */,
			);
			name = LaunchScreen.storyboard;
			sourceTree = "<group>";
		};
/* End PBXVariantGroup section */

/* Begin XCBuildConfiguration section */
		9D362B401DCBCE5200B12706 /* Debug */ = {
			isa = XCBuildConfiguration;
			buildSettings = {
				ALWAYS_SEARCH_USER_PATHS = NO;
				CLANG_ANALYZER_NONNULL = YES;
				CLANG_CXX_LANGUAGE_STANDARD = "gnu++0x";
				CLANG_CXX_LIBRARY = "libc++";
				CLANG_ENABLE_MODULES = YES;
				CLANG_ENABLE_OBJC_ARC = YES;
				CLANG_WARN_BOOL_CONVERSION = YES;
				CLANG_WARN_CONSTANT_CONVERSION = YES;
				CLANG_WARN_DIRECT_OBJC_ISA_USAGE = YES_ERROR;
				CLANG_WARN_DOCUMENTATION_COMMENTS = YES;
				CLANG_WARN_EMPTY_BODY = YES;
				CLANG_WARN_ENUM_CONVERSION = YES;
				CLANG_WARN_INFINITE_RECURSION = YES;
				CLANG_WARN_INT_CONVERSION = YES;
				CLANG_WARN_OBJC_ROOT_CLASS = YES_ERROR;
				CLANG_WARN_SUSPICIOUS_MOVES = YES;
				CLANG_WARN_UNREACHABLE_CODE = YES;
				CLANG_WARN__DUPLICATE_METHOD_MATCH = YES;
				"CODE_SIGN_IDENTITY[sdk=iphoneos*]" = "iPhone Developer";
				COPY_PHASE_STRIP = NO;
				DEBUG_INFORMATION_FORMAT = dwarf;
				ENABLE_STRICT_OBJC_MSGSEND = YES;
				ENABLE_TESTABILITY = YES;
				GCC_C_LANGUAGE_STANDARD = gnu99;
				GCC_DYNAMIC_NO_PIC = NO;
				GCC_NO_COMMON_BLOCKS = YES;
				GCC_OPTIMIZATION_LEVEL = 0;
				GCC_PREPROCESSOR_DEFINITIONS = (
					"DEBUG=1",
					"$(inherited)",
				);
				GCC_WARN_64_TO_32_BIT_CONVERSION = YES;
				GCC_WARN_ABOUT_RETURN_TYPE = YES_ERROR;
				GCC_WARN_UNDECLARED_SELECTOR = YES;
				GCC_WARN_UNINITIALIZED_AUTOS = YES_AGGRESSIVE;
				GCC_WARN_UNUSED_FUNCTION = YES;
				GCC_WARN_UNUSED_VARIABLE = YES;
				IPHONEOS_DEPLOYMENT_TARGET = 10.0;
				MTL_ENABLE_DEBUG_INFO = YES;
				ONLY_ACTIVE_ARCH = YES;
				SDKROOT = iphoneos;
				SWIFT_ACTIVE_COMPILATION_CONDITIONS = DEBUG;
				SWIFT_OPTIMIZATION_LEVEL = "-Onone";
				TARGETED_DEVICE_FAMILY = "1,2";
			};
			name = Debug;
		};
		9D362B411DCBCE5200B12706 /* Release */ = {
			isa = XCBuildConfiguration;
			buildSettings = {
				ALWAYS_SEARCH_USER_PATHS = NO;
				CLANG_ANALYZER_NONNULL = YES;
				CLANG_CXX_LANGUAGE_STANDARD = "gnu++0x";
				CLANG_CXX_LIBRARY = "libc++";
				CLANG_ENABLE_MODULES = YES;
				CLANG_ENABLE_OBJC_ARC = YES;
				CLANG_WARN_BOOL_CONVERSION = YES;
				CLANG_WARN_CONSTANT_CONVERSION = YES;
				CLANG_WARN_DIRECT_OBJC_ISA_USAGE = YES_ERROR;
				CLANG_WARN_DOCUMENTATION_COMMENTS = YES;
				CLANG_WARN_EMPTY_BODY = YES;
				CLANG_WARN_ENUM_CONVERSION = YES;
				CLANG_WARN_INFINITE_RECURSION = YES;
				CLANG_WARN_INT_CONVERSION = YES;
				CLANG_WARN_OBJC_ROOT_CLASS = YES_ERROR;
				CLANG_WARN_SUSPICIOUS_MOVES = YES;
				CLANG_WARN_UNREACHABLE_CODE = YES;
				CLANG_WARN__DUPLICATE_METHOD_MATCH = YES;
				"CODE_SIGN_IDENTITY[sdk=iphoneos*]" = "iPhone Developer";
				COPY_PHASE_STRIP = NO;
				DEBUG_INFORMATION_FORMAT = "dwarf-with-dsym";
				ENABLE_NS_ASSERTIONS = NO;
				ENABLE_STRICT_OBJC_MSGSEND = YES;
				GCC_C_LANGUAGE_STANDARD = gnu99;
				GCC_NO_COMMON_BLOCKS = YES;
				GCC_WARN_64_TO_32_BIT_CONVERSION = YES;
				GCC_WARN_ABOUT_RETURN_TYPE = YES_ERROR;
				GCC_WARN_UNDECLARED_SELECTOR = YES;
				GCC_WARN_UNINITIALIZED_AUTOS = YES_AGGRESSIVE;
				GCC_WARN_UNUSED_FUNCTION = YES;
				GCC_WARN_UNUSED_VARIABLE = YES;
				IPHONEOS_DEPLOYMENT_TARGET = 10.0;
				MTL_ENABLE_DEBUG_INFO = NO;
				SDKROOT = iphoneos;
				SWIFT_OPTIMIZATION_LEVEL = "-Owholemodule";
				TARGETED_DEVICE_FAMILY = "1,2";
				VALIDATE_PRODUCT = YES;
			};
			name = Release;
		};
		9D362B431DCBCE5200B12706 /* Debug */ = {
			isa = XCBuildConfiguration;
			buildSettings = {
				ASSETCATALOG_COMPILER_APPICON_NAME = AppIcon;
				INFOPLIST_FILE = iKid/Info.plist;
				LD_RUNPATH_SEARCH_PATHS = "$(inherited) @executable_path/Frameworks";
				PRODUCT_BUNDLE_IDENTIFIER = com.SeungLee.iKid;
				PRODUCT_NAME = "$(TARGET_NAME)";
				SWIFT_VERSION = 3.0;
			};
			name = Debug;
		};
		9D362B441DCBCE5200B12706 /* Release */ = {
			isa = XCBuildConfiguration;
			buildSettings = {
				ASSETCATALOG_COMPILER_APPICON_NAME = AppIcon;
				INFOPLIST_FILE = iKid/Info.plist;
				LD_RUNPATH_SEARCH_PATHS = "$(inherited) @executable_path/Frameworks";
				PRODUCT_BUNDLE_IDENTIFIER = com.SeungLee.iKid;
				PRODUCT_NAME = "$(TARGET_NAME)";
				SWIFT_VERSION = 3.0;
			};
			name = Release;
		};
/* End XCBuildConfiguration section */

/* Begin XCConfigurationList section */
		9D362B291DCBCE5100B12706 /* Build configuration list for PBXProject "iKid" */ = {
			isa = XCConfigurationList;
			buildConfigurations = (
				9D362B401DCBCE5200B12706 /* Debug */,
				9D362B411DCBCE5200B12706 /* Release */,
			);
			defaultConfigurationIsVisible = 0;
			defaultConfigurationName = Release;
		};
		9D362B421DCBCE5200B12706 /* Build configuration list for PBXNativeTarget "iKid" */ = {
			isa = XCConfigurationList;
			buildConfigurations = (
				9D362B431DCBCE5200B12706 /* Debug */,
				9D362B441DCBCE5200B12706 /* Release */,
			);
			defaultConfigurationIsVisible = 0;
		};
/* End XCConfigurationList section */
	};
	rootObject = 9D362B261DCBCE5100B12706 /* Project object */;
}
